{
  "name": "xr",
  "version": "1.0.0",
  "lockfileVersion": 1,
  "requires": true,
  "dependencies": {
    "cardboard-vr-display": {
      "version": "1.0.13",
      "resolved": "https://registry.npmjs.org/cardboard-vr-display/-/cardboard-vr-display-1.0.13.tgz",
      "integrity": "sha512-/ovHu4nHfo3oaw2v20v7ErvDUmIBPih/e/6VG83XUUFs5vPQaGSM8hihqKClOlwy3Fz+52L0FrhcGSH3o+yn6w==",
      "requires": {
        "gl-preserve-state": "1.0.0",
        "nosleep.js": "0.7.0",
        "webvr-polyfill-dpdb": "1.0.7"
      }
    },
    "gl-preserve-state": {
      "version": "1.0.0",
      "resolved": "https://registry.npmjs.org/gl-preserve-state/-/gl-preserve-state-1.0.0.tgz",
      "integrity": "sha512-zQZ25l3haD4hvgJZ6C9+s0ebdkW9y+7U2qxvGu1uWOJh8a4RU+jURIKEQhf8elIlFpMH6CrAY2tH0mYrRjet3Q=="
    },
    "nosleep.js": {
      "version": "0.7.0",
      "resolved": "https://registry.npmjs.org/nosleep.js/-/nosleep.js-0.7.0.tgz",
      "integrity": "sha1-z9kZwlUjyg0PSmn7MwXAg62u4ok="
    },
    "three": {
      "version": "0.93.0",
      "resolved": "https://registry.npmjs.org/three/-/three-0.93.0.tgz",
      "integrity": "sha1-P9bDZ+9FVKu7bhataZNig+iVwSM="
    },
    "webvr-polyfill-dpdb": {
      "version": "1.0.7",
      "resolved": "https://registry.npmjs.org/webvr-polyfill-dpdb/-/webvr-polyfill-dpdb-1.0.7.tgz",
      "integrity": "sha512-6G3i48V/0qkvDVfDDi2hYh53afMiE/f0zwY4Ujl23qEiBiJL7rBqMC+muk7ur7JyhNCP9Xs+fbf1PVvAGew4zA=="
    },
    "webxr-polyfill": {
      "version": "1.0.6",
      "resolved": "https://registry.npmjs.org/webxr-polyfill/-/webxr-polyfill-1.0.6.tgz",
      "integrity": "sha512-m8M1SN8NbkJXJV1Iaj57nyyeU2wAUyxhnpRiHiTynXvfbwpqYBeO9jXV2Eolk/15AiWUi5ZiFV//GT946z/XAQ==",
      "requires": {
        "cardboard-vr-display": "1.0.13"
      }
    }
  }
}
